{
  "name": "@minecraftforgefrance/nodebb-plugin-mff-modder-support",
  "version": "1.0.0",
  "lockfileVersion": 2,
  "requires": true,
  "packages": {
    "": {
      "name": "@minecraftforgefrance/nodebb-plugin-mff-modder-support",
      "version": "1.0.0",
      "license": "BSD-2-Clause"
    }
  }
}
